
Microsoft Visual Studio Solution File, Format Version 12.00
# Visual Studio Version 17
VisualStudioVersion = 17.12.35707.178
MinimumVisualStudioVersion = 10.0.40219.1
Project("{FAE04EC0-301F-11D3-BF4B-00C04F79EFBC}") = "Task3_1", "Task3_1\Task3_1.csproj", "{18FA551A-A039-4928-AB06-D8CED723DA12}"
EndProject
Project("{FAE04EC0-301F-11D3-BF4B-00C04F79EFBC}") = "Task3_2", "Task3_2\Task3_2.csproj", "{023F09F1-CA08-4E7B-918A-3D6E07A36CAB}"
EndProject
Project("{FAE04EC0-301F-11D3-BF4B-00C04F79EFBC}") = "Task3_3", "Task3_3\Task3_3.csproj", "{86317987-AD8F-4D2D-B3A2-0F7F9E453D3E}"
EndProject
Project("{FAE04EC0-301F-11D3-BF4B-00C04F79EFBC}") = "Task3_4", "Task3_4\Task3_4.csproj", "{5A7E3AEA-3BE6-49D2-A892-3425D32CDF50}"
EndProject
Project("{FAE04EC0-301F-11D3-BF4B-00C04F79EFBC}") = "Task3_5", "Task3_5\Task3_5.csproj", "{44DE0321-AF7B-48E7-AE3B-7AD03463754E}"
EndProject
Project("{FAE04EC0-301F-11D3-BF4B-00C04F79EFBC}") = "Task3_6", "Task3_6\Task3_6.csproj", "{4AAD663C-8333-4DBE-8167-46C1B6B54ABD}"
EndProject
Project("{FAE04EC0-301F-11D3-BF4B-00C04F79EFBC}") = "Task3_7", "Task3_7\Task3_7.csproj", "{85B4F4A8-C2E6-48C1-BFBB-1AB21CAC21E4}"
EndProject
Project("{FAE04EC0-301F-11D3-BF4B-00C04F79EFBC}") = "Task4_1", "Task4_1\Task4_1.csproj", "{ABF34725-8702-48F5-86DC-9D5FEC3A8A9F}"
EndProject
Project("{FAE04EC0-301F-11D3-BF4B-00C04F79EFBC}") = "Task4_2", "Task4_2\Task4_2.csproj", "{C2B66599-ABD2-4DB6-8D30-F656815DE648}"
EndProject
Project("{FAE04EC0-301F-11D3-BF4B-00C04F79EFBC}") = "Task4_3", "Task4_3\Task4_3.csproj", "{F9787F26-A04F-49B5-AC66-B02FC20FE17E}"
EndProject
Project("{FAE04EC0-301F-11D3-BF4B-00C04F79EFBC}") = "Task4_4", "Task4_4\Task4_4.csproj", "{A193D661-47D3-4F20-8C8B-0C18761E61B0}"
EndProject
Project("{FAE04EC0-301F-11D3-BF4B-00C04F79EFBC}") = "Task4_5", "Task4_5\Task4_5.csproj", "{C4706E2D-5C79-47CE-AC40-8F591380AB52}"
EndProject
Project("{FAE04EC0-301F-11D3-BF4B-00C04F79EFBC}") = "Task4_6", "Task4_6\Task4_6.csproj", "{BB970DAB-8CC8-4D6B-BA0D-5E8B9C33C52F}"
EndProject
Project("{FAE04EC0-301F-11D3-BF4B-00C04F79EFBC}") = "Task4_7", "Task4_7\Task4_7.csproj", "{61328AAF-E662-4136-BE12-2CE7C9FCF249}"
EndProject
Project("{FAE04EC0-301F-11D3-BF4B-00C04F79EFBC}") = "Task5_1", "Task5_1\Task5_1.csproj", "{6B649EDD-01EA-44A5-B773-F64AB2CCE86E}"
EndProject
Project("{FAE04EC0-301F-11D3-BF4B-00C04F79EFBC}") = "Task5_2", "Task5_2\Task5_2.csproj", "{2982511D-A231-44FF-A705-BF05D8983094}"
EndProject
Project("{FAE04EC0-301F-11D3-BF4B-00C04F79EFBC}") = "Task5_3", "Task5_3\Task5_3.csproj", "{1900FE2B-2E2D-424F-AB85-B6F6C64F4B01}"
EndProject
Project("{FAE04EC0-301F-11D3-BF4B-00C04F79EFBC}") = "Task5_4", "Task5_4\Task5_4.csproj", "{EDE20C33-6DFC-42F0-A439-901C2EE5FD58}"
EndProject
Project("{FAE04EC0-301F-11D3-BF4B-00C04F79EFBC}") = "Task5_5", "Task5_5\Task5_5.csproj", "{3C832CB5-7227-4A0F-8B45-4C5BDC33E0E0}"
EndProject
Project("{FAE04EC0-301F-11D3-BF4B-00C04F79EFBC}") = "Task6_1", "Task6_1\Task6_1.csproj", "{C36DE683-2C7A-4684-A7DE-073EDB737229}"
EndProject
Project("{FAE04EC0-301F-11D3-BF4B-00C04F79EFBC}") = "Task6_2", "Task6_2\Task6_2.csproj", "{B6B10F1C-B01B-4D7C-ACB6-DFF6B4FB3A9E}"
EndProject
Project("{FAE04EC0-301F-11D3-BF4B-00C04F79EFBC}") = "Task6_3", "Task6_3\Task6_3.csproj", "{1B206236-8343-4662-B9FE-63E7087BC366}"
EndProject
Project("{FAE04EC0-301F-11D3-BF4B-00C04F79EFBC}") = "Task6_4", "Task6_4\Task6_4.csproj", "{D8E31886-995F-4429-9485-A0A85639B9B3}"
EndProject
Project("{FAE04EC0-301F-11D3-BF4B-00C04F79EFBC}") = "Task6_5", "Task6_5\Task6_5.csproj", "{6E853080-891C-4CBE-AAB7-0C771DD71056}"
EndProject
Project("{FAE04EC0-301F-11D3-BF4B-00C04F79EFBC}") = "Task7_1", "Task7_1\Task7_1.csproj", "{045511A8-C011-4C4C-BE0F-A9C40C6DA5E1}"
EndProject
Project("{FAE04EC0-301F-11D3-BF4B-00C04F79EFBC}") = "Task7_2", "Task7_2\Task7_2.csproj", "{84C2933E-20DF-4CEF-AABA-79F19C9ED9BD}"
EndProject
Project("{FAE04EC0-301F-11D3-BF4B-00C04F79EFBC}") = "Task8_1", "Task8_1\Task8_1.csproj", "{1A506A22-4E4F-4EA2-BFC4-BAEAFA456590}"
EndProject
Project("{FAE04EC0-301F-11D3-BF4B-00C04F79EFBC}") = "Task8_2", "Task8_2\Task8_2.csproj", "{D1308E63-0379-4713-BC0D-379EE8F704CB}"
EndProject
Project("{FAE04EC0-301F-11D3-BF4B-00C04F79EFBC}") = "Task9_1", "Task9_1\Task9_1.csproj", "{AE9BDDD0-75BE-492F-9D0C-5060FE82BE31}"
EndProject
Project("{FAE04EC0-301F-11D3-BF4B-00C04F79EFBC}") = "Task10_1", "Task10_1\Task10_1.csproj", "{746FA233-8891-4E4A-BB54-A412338BB501}"
EndProject
Project("{FAE04EC0-301F-11D3-BF4B-00C04F79EFBC}") = "Task10_2", "Task10_2\Task10_2.csproj", "{48E3C71C-1534-45F8-ABE0-01F91DEEFC3E}"
EndProject
Project("{FAE04EC0-301F-11D3-BF4B-00C04F79EFBC}") = "Task11_1", "Task11_1\Task11_1.csproj", "{F29BCA9E-2FD9-4F23-A198-03E4A494AE71}"
EndProject
Project("{FAE04EC0-301F-11D3-BF4B-00C04F79EFBC}") = "Task12_1", "Task12_1\Task12_1.csproj", "{3F11D1DF-3953-471F-B3AA-07E14C057BC3}"
EndProject
Project("{FAE04EC0-301F-11D3-BF4B-00C04F79EFBC}") = "Task12_2", "Task12_2\Task12_2.csproj", "{DEB5187D-57D9-4BBA-B2E5-4E3E4C63B21A}"
EndProject
Project("{FAE04EC0-301F-11D3-BF4B-00C04F79EFBC}") = "Task12_3", "Task12_3\Task12_3.csproj", "{6F056AC7-C875-4CCC-92AE-805A87A84C86}"
EndProject
Project("{FAE04EC0-301F-11D3-BF4B-00C04F79EFBC}") = "Task13_1", "Task13_1\Task13_1.csproj", "{8B29337D-A122-4BB8-8083-5737C371532F}"
EndProject
Project("{FAE04EC0-301F-11D3-BF4B-00C04F79EFBC}") = "Task13_2", "Task13_2\Task13_2.csproj", "{7DF9094C-E8E5-4A43-A915-496C96B50C1F}"
EndProject
Global
	GlobalSection(SolutionConfigurationPlatforms) = preSolution
		Debug|Any CPU = Debug|Any CPU
		Release|Any CPU = Release|Any CPU
	EndGlobalSection
	GlobalSection(ProjectConfigurationPlatforms) = postSolution
		{18FA551A-A039-4928-AB06-D8CED723DA12}.Debug|Any CPU.ActiveCfg = Debug|Any CPU
		{18FA551A-A039-4928-AB06-D8CED723DA12}.Debug|Any CPU.Build.0 = Debug|Any CPU
		{18FA551A-A039-4928-AB06-D8CED723DA12}.Release|Any CPU.ActiveCfg = Release|Any CPU
		{18FA551A-A039-4928-AB06-D8CED723DA12}.Release|Any CPU.Build.0 = Release|Any CPU
		{023F09F1-CA08-4E7B-918A-3D6E07A36CAB}.Debug|Any CPU.ActiveCfg = Debug|Any CPU
		{023F09F1-CA08-4E7B-918A-3D6E07A36CAB}.Debug|Any CPU.Build.0 = Debug|Any CPU
		{023F09F1-CA08-4E7B-918A-3D6E07A36CAB}.Release|Any CPU.ActiveCfg = Release|Any CPU
		{023F09F1-CA08-4E7B-918A-3D6E07A36CAB}.Release|Any CPU.Build.0 = Release|Any CPU
		{86317987-AD8F-4D2D-B3A2-0F7F9E453D3E}.Debug|Any CPU.ActiveCfg = Debug|Any CPU
		{86317987-AD8F-4D2D-B3A2-0F7F9E453D3E}.Debug|Any CPU.Build.0 = Debug|Any CPU
		{86317987-AD8F-4D2D-B3A2-0F7F9E453D3E}.Release|Any CPU.ActiveCfg = Release|Any CPU
		{86317987-AD8F-4D2D-B3A2-0F7F9E453D3E}.Release|Any CPU.Build.0 = Release|Any CPU
		{5A7E3AEA-3BE6-49D2-A892-3425D32CDF50}.Debug|Any CPU.ActiveCfg = Debug|Any CPU
		{5A7E3AEA-3BE6-49D2-A892-3425D32CDF50}.Debug|Any CPU.Build.0 = Debug|Any CPU
		{5A7E3AEA-3BE6-49D2-A892-3425D32CDF50}.Release|Any CPU.ActiveCfg = Release|Any CPU
		{5A7E3AEA-3BE6-49D2-A892-3425D32CDF50}.Release|Any CPU.Build.0 = Release|Any CPU
		{44DE0321-AF7B-48E7-AE3B-7AD03463754E}.Debug|Any CPU.ActiveCfg = Debug|Any CPU
		{44DE0321-AF7B-48E7-AE3B-7AD03463754E}.Debug|Any CPU.Build.0 = Debug|Any CPU
		{44DE0321-AF7B-48E7-AE3B-7AD03463754E}.Release|Any CPU.ActiveCfg = Release|Any CPU
		{44DE0321-AF7B-48E7-AE3B-7AD03463754E}.Release|Any CPU.Build.0 = Release|Any CPU
		{4AAD663C-8333-4DBE-8167-46C1B6B54ABD}.Debug|Any CPU.ActiveCfg = Debug|Any CPU
		{4AAD663C-8333-4DBE-8167-46C1B6B54ABD}.Debug|Any CPU.Build.0 = Debug|Any CPU
		{4AAD663C-8333-4DBE-8167-46C1B6B54ABD}.Release|Any CPU.ActiveCfg = Release|Any CPU
		{4AAD663C-8333-4DBE-8167-46C1B6B54ABD}.Release|Any CPU.Build.0 = Release|Any CPU
		{85B4F4A8-C2E6-48C1-BFBB-1AB21CAC21E4}.Debug|Any CPU.ActiveCfg = Debug|Any CPU
		{85B4F4A8-C2E6-48C1-BFBB-1AB21CAC21E4}.Debug|Any CPU.Build.0 = Debug|Any CPU
		{85B4F4A8-C2E6-48C1-BFBB-1AB21CAC21E4}.Release|Any CPU.ActiveCfg = Release|Any CPU
		{85B4F4A8-C2E6-48C1-BFBB-1AB21CAC21E4}.Release|Any CPU.Build.0 = Release|Any CPU
		{ABF34725-8702-48F5-86DC-9D5FEC3A8A9F}.Debug|Any CPU.ActiveCfg = Debug|Any CPU
		{ABF34725-8702-48F5-86DC-9D5FEC3A8A9F}.Debug|Any CPU.Build.0 = Debug|Any CPU
		{ABF34725-8702-48F5-86DC-9D5FEC3A8A9F}.Release|Any CPU.ActiveCfg = Release|Any CPU
		{ABF34725-8702-48F5-86DC-9D5FEC3A8A9F}.Release|Any CPU.Build.0 = Release|Any CPU
		{C2B66599-ABD2-4DB6-8D30-F656815DE648}.Debug|Any CPU.ActiveCfg = Debug|Any CPU
		{C2B66599-ABD2-4DB6-8D30-F656815DE648}.Debug|Any CPU.Build.0 = Debug|Any CPU
		{C2B66599-ABD2-4DB6-8D30-F656815DE648}.Release|Any CPU.ActiveCfg = Release|Any CPU
		{C2B66599-ABD2-4DB6-8D30-F656815DE648}.Release|Any CPU.Build.0 = Release|Any CPU
		{F9787F26-A04F-49B5-AC66-B02FC20FE17E}.Debug|Any CPU.ActiveCfg = Debug|Any CPU
		{F9787F26-A04F-49B5-AC66-B02FC20FE17E}.Debug|Any CPU.Build.0 = Debug|Any CPU
		{F9787F26-A04F-49B5-AC66-B02FC20FE17E}.Release|Any CPU.ActiveCfg = Release|Any CPU
		{F9787F26-A04F-49B5-AC66-B02FC20FE17E}.Release|Any CPU.Build.0 = Release|Any CPU
		{A193D661-47D3-4F20-8C8B-0C18761E61B0}.Debug|Any CPU.ActiveCfg = Debug|Any CPU
		{A193D661-47D3-4F20-8C8B-0C18761E61B0}.Debug|Any CPU.Build.0 = Debug|Any CPU
		{A193D661-47D3-4F20-8C8B-0C18761E61B0}.Release|Any CPU.ActiveCfg = Release|Any CPU
		{A193D661-47D3-4F20-8C8B-0C18761E61B0}.Release|Any CPU.Build.0 = Release|Any CPU
		{C4706E2D-5C79-47CE-AC40-8F591380AB52}.Debug|Any CPU.ActiveCfg = Debug|Any CPU
		{C4706E2D-5C79-47CE-AC40-8F591380AB52}.Debug|Any CPU.Build.0 = Debug|Any CPU
		{C4706E2D-5C79-47CE-AC40-8F591380AB52}.Release|Any CPU.ActiveCfg = Release|Any CPU
		{C4706E2D-5C79-47CE-AC40-8F591380AB52}.Release|Any CPU.Build.0 = Release|Any CPU
		{BB970DAB-8CC8-4D6B-BA0D-5E8B9C33C52F}.Debug|Any CPU.ActiveCfg = Debug|Any CPU
		{BB970DAB-8CC8-4D6B-BA0D-5E8B9C33C52F}.Debug|Any CPU.Build.0 = Debug|Any CPU
		{BB970DAB-8CC8-4D6B-BA0D-5E8B9C33C52F}.Release|Any CPU.ActiveCfg = Release|Any CPU
		{BB970DAB-8CC8-4D6B-BA0D-5E8B9C33C52F}.Release|Any CPU.Build.0 = Release|Any CPU
		{61328AAF-E662-4136-BE12-2CE7C9FCF249}.Debug|Any CPU.ActiveCfg = Debug|Any CPU
		{61328AAF-E662-4136-BE12-2CE7C9FCF249}.Debug|Any CPU.Build.0 = Debug|Any CPU
		{61328AAF-E662-4136-BE12-2CE7C9FCF249}.Release|Any CPU.ActiveCfg = Release|Any CPU
		{61328AAF-E662-4136-BE12-2CE7C9FCF249}.Release|Any CPU.Build.0 = Release|Any CPU
		{6B649EDD-01EA-44A5-B773-F64AB2CCE86E}.Debug|Any CPU.ActiveCfg = Debug|Any CPU
		{6B649EDD-01EA-44A5-B773-F64AB2CCE86E}.Debug|Any CPU.Build.0 = Debug|Any CPU
		{6B649EDD-01EA-44A5-B773-F64AB2CCE86E}.Release|Any CPU.ActiveCfg = Release|Any CPU
		{6B649EDD-01EA-44A5-B773-F64AB2CCE86E}.Release|Any CPU.Build.0 = Release|Any CPU
		{2982511D-A231-44FF-A705-BF05D8983094}.Debug|Any CPU.ActiveCfg = Debug|Any CPU
		{2982511D-A231-44FF-A705-BF05D8983094}.Debug|Any CPU.Build.0 = Debug|Any CPU
		{2982511D-A231-44FF-A705-BF05D8983094}.Release|Any CPU.ActiveCfg = Release|Any CPU
		{2982511D-A231-44FF-A705-BF05D8983094}.Release|Any CPU.Build.0 = Release|Any CPU
		{1900FE2B-2E2D-424F-AB85-B6F6C64F4B01}.Debug|Any CPU.ActiveCfg = Debug|Any CPU
		{1900FE2B-2E2D-424F-AB85-B6F6C64F4B01}.Debug|Any CPU.Build.0 = Debug|Any CPU
		{1900FE2B-2E2D-424F-AB85-B6F6C64F4B01}.Release|Any CPU.ActiveCfg = Release|Any CPU
		{1900FE2B-2E2D-424F-AB85-B6F6C64F4B01}.Release|Any CPU.Build.0 = Release|Any CPU
		{EDE20C33-6DFC-42F0-A439-901C2EE5FD58}.Debug|Any CPU.ActiveCfg = Debug|Any CPU
		{EDE20C33-6DFC-42F0-A439-901C2EE5FD58}.Debug|Any CPU.Build.0 = Debug|Any CPU
		{EDE20C33-6DFC-42F0-A439-901C2EE5FD58}.Release|Any CPU.ActiveCfg = Release|Any CPU
		{EDE20C33-6DFC-42F0-A439-901C2EE5FD58}.Release|Any CPU.Build.0 = Release|Any CPU
		{3C832CB5-7227-4A0F-8B45-4C5BDC33E0E0}.Debug|Any CPU.ActiveCfg = Debug|Any CPU
		{3C832CB5-7227-4A0F-8B45-4C5BDC33E0E0}.Debug|Any CPU.Build.0 = Debug|Any CPU
		{3C832CB5-7227-4A0F-8B45-4C5BDC33E0E0}.Release|Any CPU.ActiveCfg = Release|Any CPU
		{3C832CB5-7227-4A0F-8B45-4C5BDC33E0E0}.Release|Any CPU.Build.0 = Release|Any CPU
		{C36DE683-2C7A-4684-A7DE-073EDB737229}.Debug|Any CPU.ActiveCfg = Debug|Any CPU
		{C36DE683-2C7A-4684-A7DE-073EDB737229}.Debug|Any CPU.Build.0 = Debug|Any CPU
		{C36DE683-2C7A-4684-A7DE-073EDB737229}.Release|Any CPU.ActiveCfg = Release|Any CPU
		{C36DE683-2C7A-4684-A7DE-073EDB737229}.Release|Any CPU.Build.0 = Release|Any CPU
		{B6B10F1C-B01B-4D7C-ACB6-DFF6B4FB3A9E}.Debug|Any CPU.ActiveCfg = Debug|Any CPU
		{B6B10F1C-B01B-4D7C-ACB6-DFF6B4FB3A9E}.Debug|Any CPU.Build.0 = Debug|Any CPU
		{B6B10F1C-B01B-4D7C-ACB6-DFF6B4FB3A9E}.Release|Any CPU.ActiveCfg = Release|Any CPU
		{B6B10F1C-B01B-4D7C-ACB6-DFF6B4FB3A9E}.Release|Any CPU.Build.0 = Release|Any CPU
		{1B206236-8343-4662-B9FE-63E7087BC366}.Debug|Any CPU.ActiveCfg = Debug|Any CPU
		{1B206236-8343-4662-B9FE-63E7087BC366}.Debug|Any CPU.Build.0 = Debug|Any CPU
		{1B206236-8343-4662-B9FE-63E7087BC366}.Release|Any CPU.ActiveCfg = Release|Any CPU
		{1B206236-8343-4662-B9FE-63E7087BC366}.Release|Any CPU.Build.0 = Release|Any CPU
		{D8E31886-995F-4429-9485-A0A85639B9B3}.Debug|Any CPU.ActiveCfg = Debug|Any CPU
		{D8E31886-995F-4429-9485-A0A85639B9B3}.Debug|Any CPU.Build.0 = Debug|Any CPU
		{D8E31886-995F-4429-9485-A0A85639B9B3}.Release|Any CPU.ActiveCfg = Release|Any CPU
		{D8E31886-995F-4429-9485-A0A85639B9B3}.Release|Any CPU.Build.0 = Release|Any CPU
		{6E853080-891C-4CBE-AAB7-0C771DD71056}.Debug|Any CPU.ActiveCfg = Debug|Any CPU
		{6E853080-891C-4CBE-AAB7-0C771DD71056}.Debug|Any CPU.Build.0 = Debug|Any CPU
		{6E853080-891C-4CBE-AAB7-0C771DD71056}.Release|Any CPU.ActiveCfg = Release|Any CPU
		{6E853080-891C-4CBE-AAB7-0C771DD71056}.Release|Any CPU.Build.0 = Release|Any CPU
		{045511A8-C011-4C4C-BE0F-A9C40C6DA5E1}.Debug|Any CPU.ActiveCfg = Debug|Any CPU
		{045511A8-C011-4C4C-BE0F-A9C40C6DA5E1}.Debug|Any CPU.Build.0 = Debug|Any CPU
		{045511A8-C011-4C4C-BE0F-A9C40C6DA5E1}.Release|Any CPU.ActiveCfg = Release|Any CPU
		{045511A8-C011-4C4C-BE0F-A9C40C6DA5E1}.Release|Any CPU.Build.0 = Release|Any CPU
		{84C2933E-20DF-4CEF-AABA-79F19C9ED9BD}.Debug|Any CPU.ActiveCfg = Debug|Any CPU
		{84C2933E-20DF-4CEF-AABA-79F19C9ED9BD}.Debug|Any CPU.Build.0 = Debug|Any CPU
		{84C2933E-20DF-4CEF-AABA-79F19C9ED9BD}.Release|Any CPU.ActiveCfg = Release|Any CPU
		{84C2933E-20DF-4CEF-AABA-79F19C9ED9BD}.Release|Any CPU.Build.0 = Release|Any CPU
		{1A506A22-4E4F-4EA2-BFC4-BAEAFA456590}.Debug|Any CPU.ActiveCfg = Debug|Any CPU
		{1A506A22-4E4F-4EA2-BFC4-BAEAFA456590}.Debug|Any CPU.Build.0 = Debug|Any CPU
		{1A506A22-4E4F-4EA2-BFC4-BAEAFA456590}.Release|Any CPU.ActiveCfg = Release|Any CPU
		{1A506A22-4E4F-4EA2-BFC4-BAEAFA456590}.Release|Any CPU.Build.0 = Release|Any CPU
		{D1308E63-0379-4713-BC0D-379EE8F704CB}.Debug|Any CPU.ActiveCfg = Debug|Any CPU
		{D1308E63-0379-4713-BC0D-379EE8F704CB}.Debug|Any CPU.Build.0 = Debug|Any CPU
		{D1308E63-0379-4713-BC0D-379EE8F704CB}.Release|Any CPU.ActiveCfg = Release|Any CPU
		{D1308E63-0379-4713-BC0D-379EE8F704CB}.Release|Any CPU.Build.0 = Release|Any CPU
		{AE9BDDD0-75BE-492F-9D0C-5060FE82BE31}.Debug|Any CPU.ActiveCfg = Debug|Any CPU
		{AE9BDDD0-75BE-492F-9D0C-5060FE82BE31}.Debug|Any CPU.Build.0 = Debug|Any CPU
		{AE9BDDD0-75BE-492F-9D0C-5060FE82BE31}.Release|Any CPU.ActiveCfg = Release|Any CPU
		{AE9BDDD0-75BE-492F-9D0C-5060FE82BE31}.Release|Any CPU.Build.0 = Release|Any CPU
		{746FA233-8891-4E4A-BB54-A412338BB501}.Debug|Any CPU.ActiveCfg = Debug|Any CPU
		{746FA233-8891-4E4A-BB54-A412338BB501}.Debug|Any CPU.Build.0 = Debug|Any CPU
		{746FA233-8891-4E4A-BB54-A412338BB501}.Release|Any CPU.ActiveCfg = Release|Any CPU
		{746FA233-8891-4E4A-BB54-A412338BB501}.Release|Any CPU.Build.0 = Release|Any CPU
		{48E3C71C-1534-45F8-ABE0-01F91DEEFC3E}.Debug|Any CPU.ActiveCfg = Debug|Any CPU
		{48E3C71C-1534-45F8-ABE0-01F91DEEFC3E}.Debug|Any CPU.Build.0 = Debug|Any CPU
		{48E3C71C-1534-45F8-ABE0-01F91DEEFC3E}.Release|Any CPU.ActiveCfg = Release|Any CPU
		{48E3C71C-1534-45F8-ABE0-01F91DEEFC3E}.Release|Any CPU.Build.0 = Release|Any CPU
		{F29BCA9E-2FD9-4F23-A198-03E4A494AE71}.Debug|Any CPU.ActiveCfg = Debug|Any CPU
		{F29BCA9E-2FD9-4F23-A198-03E4A494AE71}.Debug|Any CPU.Build.0 = Debug|Any CPU
		{F29BCA9E-2FD9-4F23-A198-03E4A494AE71}.Release|Any CPU.ActiveCfg = Release|Any CPU
		{F29BCA9E-2FD9-4F23-A198-03E4A494AE71}.Release|Any CPU.Build.0 = Release|Any CPU
		{3F11D1DF-3953-471F-B3AA-07E14C057BC3}.Debug|Any CPU.ActiveCfg = Debug|Any CPU
		{3F11D1DF-3953-471F-B3AA-07E14C057BC3}.Debug|Any CPU.Build.0 = Debug|Any CPU
		{3F11D1DF-3953-471F-B3AA-07E14C057BC3}.Release|Any CPU.ActiveCfg = Release|Any CPU
		{3F11D1DF-3953-471F-B3AA-07E14C057BC3}.Release|Any CPU.Build.0 = Release|Any CPU
		{DEB5187D-57D9-4BBA-B2E5-4E3E4C63B21A}.Debug|Any CPU.ActiveCfg = Debug|Any CPU
		{DEB5187D-57D9-4BBA-B2E5-4E3E4C63B21A}.Debug|Any CPU.Build.0 = Debug|Any CPU
		{DEB5187D-57D9-4BBA-B2E5-4E3E4C63B21A}.Release|Any CPU.ActiveCfg = Release|Any CPU
		{DEB5187D-57D9-4BBA-B2E5-4E3E4C63B21A}.Release|Any CPU.Build.0 = Release|Any CPU
		{6F056AC7-C875-4CCC-92AE-805A87A84C86}.Debug|Any CPU.ActiveCfg = Debug|Any CPU
		{6F056AC7-C875-4CCC-92AE-805A87A84C86}.Debug|Any CPU.Build.0 = Debug|Any CPU
		{6F056AC7-C875-4CCC-92AE-805A87A84C86}.Release|Any CPU.ActiveCfg = Release|Any CPU
		{6F056AC7-C875-4CCC-92AE-805A87A84C86}.Release|Any CPU.Build.0 = Release|Any CPU
		{8B29337D-A122-4BB8-8083-5737C371532F}.Debug|Any CPU.ActiveCfg = Debug|Any CPU
		{8B29337D-A122-4BB8-8083-5737C371532F}.Debug|Any CPU.Build.0 = Debug|Any CPU
		{8B29337D-A122-4BB8-8083-5737C371532F}.Release|Any CPU.ActiveCfg = Release|Any CPU
		{8B29337D-A122-4BB8-8083-5737C371532F}.Release|Any CPU.Build.0 = Release|Any CPU
		{7DF9094C-E8E5-4A43-A915-496C96B50C1F}.Debug|Any CPU.ActiveCfg = Debug|Any CPU
		{7DF9094C-E8E5-4A43-A915-496C96B50C1F}.Debug|Any CPU.Build.0 = Debug|Any CPU
		{7DF9094C-E8E5-4A43-A915-496C96B50C1F}.Release|Any CPU.ActiveCfg = Release|Any CPU
		{7DF9094C-E8E5-4A43-A915-496C96B50C1F}.Release|Any CPU.Build.0 = Release|Any CPU
	EndGlobalSection
	GlobalSection(SolutionProperties) = preSolution
		HideSolutionNode = FALSE
	EndGlobalSection
EndGlobal
