
Microsoft Visual Studio Solution File, Format Version 12.00
# Visual Studio Version 17
VisualStudioVersion = 17.12.35707.178
MinimumVisualStudioVersion = 10.0.40219.1
Project("{FAE04EC0-301F-11D3-BF4B-00C04F79EFBC}") = "Task1_1", "Task1_1\Task1_1.csproj", "{5A95C121-260E-4A85-A8BD-43FED0C222FE}"
EndProject
Project("{FAE04EC0-301F-11D3-BF4B-00C04F79EFBC}") = "Task1_2", "Task1_2\Task1_2.csproj", "{781EDA09-ABE5-43D2-ACB9-903355160FC0}"
EndProject
Project("{FAE04EC0-301F-11D3-BF4B-00C04F79EFBC}") = "Task1_3", "Task1_3\Task1_3.csproj", "{C8EBEA15-B37C-4CE1-8595-9056CB8DD275}"
EndProject
Project("{FAE04EC0-301F-11D3-BF4B-00C04F79EFBC}") = "Task1_4", "Task1_4\Task1_4.csproj", "{527D0027-ECA3-49F4-BCE4-61701B1987B2}"
EndProject
Project("{FAE04EC0-301F-11D3-BF4B-00C04F79EFBC}") = "Task1_5", "Task1_5\Task1_5.csproj", "{8624E7D5-5446-4D88-8418-8503808CD38F}"
EndProject
Project("{FAE04EC0-301F-11D3-BF4B-00C04F79EFBC}") = "Task2_1", "Task2_1\Task2_1.csproj", "{F8C4AC3C-D772-4E21-B7C9-C0802E63D4AB}"
EndProject
Project("{FAE04EC0-301F-11D3-BF4B-00C04F79EFBC}") = "Task2_2", "Task2_2\Task2_2.csproj", "{B60400FB-3361-44D3-BC13-628F2C0E5398}"
EndProject
Project("{FAE04EC0-301F-11D3-BF4B-00C04F79EFBC}") = "Task2_3", "Task2_3\Task2_3.csproj", "{2BFD5E07-A414-463A-9FD5-CBB48B62A1C2}"
EndProject
Project("{FAE04EC0-301F-11D3-BF4B-00C04F79EFBC}") = "Task2_4", "Task2_4\Task2_4.csproj", "{91D9DBCB-AD76-4CA4-8468-10C644E3FBE3}"
EndProject
Project("{FAE04EC0-301F-11D3-BF4B-00C04F79EFBC}") = "Task2_5", "Task2_5\Task2_5.csproj", "{696C8D46-F3B4-4A37-9A68-1094D14B071B}"
EndProject
Project("{FAE04EC0-301F-11D3-BF4B-00C04F79EFBC}") = "Task2_6", "Task2_6\Task2_6.csproj", "{F3423295-3AE5-4D97-95C9-F5F1FC8A02D4}"
EndProject
Project("{FAE04EC0-301F-11D3-BF4B-00C04F79EFBC}") = "Task2_7", "Task2_7\Task2_7.csproj", "{5CF51530-113D-4D10-B5CF-9EC0EE39DC9A}"
EndProject
Project("{FAE04EC0-301F-11D3-BF4B-00C04F79EFBC}") = "Task2_8", "Task2_8\Task2_8.csproj", "{FE575252-53B5-44CD-8002-193F035B2CC1}"
EndProject
Project("{FAE04EC0-301F-11D3-BF4B-00C04F79EFBC}") = "Task2_9", "ConsoleApp1\Task2_9.csproj", "{469A5ECA-349A-4C20-8432-57E069A1A9FA}"
EndProject
Project("{FAE04EC0-301F-11D3-BF4B-00C04F79EFBC}") = "Task2_10", "Task2_10\Task2_10.csproj", "{6EF6E8A7-BCF0-4525-A340-6625653C4B0F}"
EndProject
Project("{FAE04EC0-301F-11D3-BF4B-00C04F79EFBC}") = "Task2_11", "Task2_11\Task2_11.csproj", "{2D3C1116-29BF-4D26-8004-5B12D52AE04B}"
EndProject
Global
	GlobalSection(SolutionConfigurationPlatforms) = preSolution
		Debug|Any CPU = Debug|Any CPU
		Release|Any CPU = Release|Any CPU
	EndGlobalSection
	GlobalSection(ProjectConfigurationPlatforms) = postSolution
		{5A95C121-260E-4A85-A8BD-43FED0C222FE}.Debug|Any CPU.ActiveCfg = Debug|Any CPU
		{5A95C121-260E-4A85-A8BD-43FED0C222FE}.Debug|Any CPU.Build.0 = Debug|Any CPU
		{5A95C121-260E-4A85-A8BD-43FED0C222FE}.Release|Any CPU.ActiveCfg = Release|Any CPU
		{5A95C121-260E-4A85-A8BD-43FED0C222FE}.Release|Any CPU.Build.0 = Release|Any CPU
		{781EDA09-ABE5-43D2-ACB9-903355160FC0}.Debug|Any CPU.ActiveCfg = Debug|Any CPU
		{781EDA09-ABE5-43D2-ACB9-903355160FC0}.Debug|Any CPU.Build.0 = Debug|Any CPU
		{781EDA09-ABE5-43D2-ACB9-903355160FC0}.Release|Any CPU.ActiveCfg = Release|Any CPU
		{781EDA09-ABE5-43D2-ACB9-903355160FC0}.Release|Any CPU.Build.0 = Release|Any CPU
		{C8EBEA15-B37C-4CE1-8595-9056CB8DD275}.Debug|Any CPU.ActiveCfg = Debug|Any CPU
		{C8EBEA15-B37C-4CE1-8595-9056CB8DD275}.Debug|Any CPU.Build.0 = Debug|Any CPU
		{C8EBEA15-B37C-4CE1-8595-9056CB8DD275}.Release|Any CPU.ActiveCfg = Release|Any CPU
		{C8EBEA15-B37C-4CE1-8595-9056CB8DD275}.Release|Any CPU.Build.0 = Release|Any CPU
		{527D0027-ECA3-49F4-BCE4-61701B1987B2}.Debug|Any CPU.ActiveCfg = Debug|Any CPU
		{527D0027-ECA3-49F4-BCE4-61701B1987B2}.Debug|Any CPU.Build.0 = Debug|Any CPU
		{527D0027-ECA3-49F4-BCE4-61701B1987B2}.Release|Any CPU.ActiveCfg = Release|Any CPU
		{527D0027-ECA3-49F4-BCE4-61701B1987B2}.Release|Any CPU.Build.0 = Release|Any CPU
		{8624E7D5-5446-4D88-8418-8503808CD38F}.Debug|Any CPU.ActiveCfg = Debug|Any CPU
		{8624E7D5-5446-4D88-8418-8503808CD38F}.Debug|Any CPU.Build.0 = Debug|Any CPU
		{8624E7D5-5446-4D88-8418-8503808CD38F}.Release|Any CPU.ActiveCfg = Release|Any CPU
		{8624E7D5-5446-4D88-8418-8503808CD38F}.Release|Any CPU.Build.0 = Release|Any CPU
		{F8C4AC3C-D772-4E21-B7C9-C0802E63D4AB}.Debug|Any CPU.ActiveCfg = Debug|Any CPU
		{F8C4AC3C-D772-4E21-B7C9-C0802E63D4AB}.Debug|Any CPU.Build.0 = Debug|Any CPU
		{F8C4AC3C-D772-4E21-B7C9-C0802E63D4AB}.Release|Any CPU.ActiveCfg = Release|Any CPU
		{F8C4AC3C-D772-4E21-B7C9-C0802E63D4AB}.Release|Any CPU.Build.0 = Release|Any CPU
		{B60400FB-3361-44D3-BC13-628F2C0E5398}.Debug|Any CPU.ActiveCfg = Debug|Any CPU
		{B60400FB-3361-44D3-BC13-628F2C0E5398}.Debug|Any CPU.Build.0 = Debug|Any CPU
		{B60400FB-3361-44D3-BC13-628F2C0E5398}.Release|Any CPU.ActiveCfg = Release|Any CPU
		{B60400FB-3361-44D3-BC13-628F2C0E5398}.Release|Any CPU.Build.0 = Release|Any CPU
		{2BFD5E07-A414-463A-9FD5-CBB48B62A1C2}.Debug|Any CPU.ActiveCfg = Debug|Any CPU
		{2BFD5E07-A414-463A-9FD5-CBB48B62A1C2}.Debug|Any CPU.Build.0 = Debug|Any CPU
		{2BFD5E07-A414-463A-9FD5-CBB48B62A1C2}.Release|Any CPU.ActiveCfg = Release|Any CPU
		{2BFD5E07-A414-463A-9FD5-CBB48B62A1C2}.Release|Any CPU.Build.0 = Release|Any CPU
		{91D9DBCB-AD76-4CA4-8468-10C644E3FBE3}.Debug|Any CPU.ActiveCfg = Debug|Any CPU
		{91D9DBCB-AD76-4CA4-8468-10C644E3FBE3}.Debug|Any CPU.Build.0 = Debug|Any CPU
		{91D9DBCB-AD76-4CA4-8468-10C644E3FBE3}.Release|Any CPU.ActiveCfg = Release|Any CPU
		{91D9DBCB-AD76-4CA4-8468-10C644E3FBE3}.Release|Any CPU.Build.0 = Release|Any CPU
		{696C8D46-F3B4-4A37-9A68-1094D14B071B}.Debug|Any CPU.ActiveCfg = Debug|Any CPU
		{696C8D46-F3B4-4A37-9A68-1094D14B071B}.Debug|Any CPU.Build.0 = Debug|Any CPU
		{696C8D46-F3B4-4A37-9A68-1094D14B071B}.Release|Any CPU.ActiveCfg = Release|Any CPU
		{696C8D46-F3B4-4A37-9A68-1094D14B071B}.Release|Any CPU.Build.0 = Release|Any CPU
		{F3423295-3AE5-4D97-95C9-F5F1FC8A02D4}.Debug|Any CPU.ActiveCfg = Debug|Any CPU
		{F3423295-3AE5-4D97-95C9-F5F1FC8A02D4}.Debug|Any CPU.Build.0 = Debug|Any CPU
		{F3423295-3AE5-4D97-95C9-F5F1FC8A02D4}.Release|Any CPU.ActiveCfg = Release|Any CPU
		{F3423295-3AE5-4D97-95C9-F5F1FC8A02D4}.Release|Any CPU.Build.0 = Release|Any CPU
		{5CF51530-113D-4D10-B5CF-9EC0EE39DC9A}.Debug|Any CPU.ActiveCfg = Debug|Any CPU
		{5CF51530-113D-4D10-B5CF-9EC0EE39DC9A}.Debug|Any CPU.Build.0 = Debug|Any CPU
		{5CF51530-113D-4D10-B5CF-9EC0EE39DC9A}.Release|Any CPU.ActiveCfg = Release|Any CPU
		{5CF51530-113D-4D10-B5CF-9EC0EE39DC9A}.Release|Any CPU.Build.0 = Release|Any CPU
		{FE575252-53B5-44CD-8002-193F035B2CC1}.Debug|Any CPU.ActiveCfg = Debug|Any CPU
		{FE575252-53B5-44CD-8002-193F035B2CC1}.Debug|Any CPU.Build.0 = Debug|Any CPU
		{FE575252-53B5-44CD-8002-193F035B2CC1}.Release|Any CPU.ActiveCfg = Release|Any CPU
		{FE575252-53B5-44CD-8002-193F035B2CC1}.Release|Any CPU.Build.0 = Release|Any CPU
		{469A5ECA-349A-4C20-8432-57E069A1A9FA}.Debug|Any CPU.ActiveCfg = Debug|Any CPU
		{469A5ECA-349A-4C20-8432-57E069A1A9FA}.Debug|Any CPU.Build.0 = Debug|Any CPU
		{469A5ECA-349A-4C20-8432-57E069A1A9FA}.Release|Any CPU.ActiveCfg = Release|Any CPU
		{469A5ECA-349A-4C20-8432-57E069A1A9FA}.Release|Any CPU.Build.0 = Release|Any CPU
		{6EF6E8A7-BCF0-4525-A340-6625653C4B0F}.Debug|Any CPU.ActiveCfg = Debug|Any CPU
		{6EF6E8A7-BCF0-4525-A340-6625653C4B0F}.Debug|Any CPU.Build.0 = Debug|Any CPU
		{6EF6E8A7-BCF0-4525-A340-6625653C4B0F}.Release|Any CPU.ActiveCfg = Release|Any CPU
		{6EF6E8A7-BCF0-4525-A340-6625653C4B0F}.Release|Any CPU.Build.0 = Release|Any CPU
		{2D3C1116-29BF-4D26-8004-5B12D52AE04B}.Debug|Any CPU.ActiveCfg = Debug|Any CPU
		{2D3C1116-29BF-4D26-8004-5B12D52AE04B}.Debug|Any CPU.Build.0 = Debug|Any CPU
		{2D3C1116-29BF-4D26-8004-5B12D52AE04B}.Release|Any CPU.ActiveCfg = Release|Any CPU
		{2D3C1116-29BF-4D26-8004-5B12D52AE04B}.Release|Any CPU.Build.0 = Release|Any CPU
	EndGlobalSection
	GlobalSection(SolutionProperties) = preSolution
		HideSolutionNode = FALSE
	EndGlobalSection
EndGlobal
